
Microsoft Visual Studio Solution File, Format Version 12.00
# Visual Studio Version 17
VisualStudioVersion = 17.6.33829.357
MinimumVisualStudioVersion = 10.0.40219.1
Project("{8BC9CEB8-8B4A-11D0-8D11-00A0C91BC942}") = "warehouse", "warehouse.vcxproj", "{3C211F31-8476-468E-B5D5-8EE94C7912F1}"
EndProject
Global
	GlobalSection(SolutionConfigurationPlatforms) = preSolution
		Debug|x64 = Debug|x64
		Debug|x86 = Debug|x86
		Release|x64 = Release|x64
		Release|x86 = Release|x86
	EndGlobalSection
	GlobalSection(ProjectConfigurationPlatforms) = postSolution
		{3C211F31-8476-468E-B5D5-8EE94C7912F1}.Debug|x64.ActiveCfg = Debug|x64
		{3C211F31-8476-468E-B5D5-8EE94C7912F1}.Debug|x64.Build.0 = Debug|x64
		{3C211F31-8476-468E-B5D5-8EE94C7912F1}.Debug|x86.ActiveCfg = Debug|Win32
		{3C211F31-8476-468E-B5D5-8EE94C7912F1}.Debug|x86.Build.0 = Debug|Win32
		{3C211F31-8476-468E-B5D5-8EE94C7912F1}.Release|x64.ActiveCfg = Release|x64
		{3C211F31-8476-468E-B5D5-8EE94C7912F1}.Release|x64.Build.0 = Release|x64
		{3C211F31-8476-468E-B5D5-8EE94C7912F1}.Release|x86.ActiveCfg = Release|Win32
		{3C211F31-8476-468E-B5D5-8EE94C7912F1}.Release|x86.Build.0 = Release|Win32
	EndGlobalSection
	GlobalSection(SolutionProperties) = preSolution
		HideSolutionNode = FALSE
	EndGlobalSection
	GlobalSection(ExtensibilityGlobals) = postSolution
		SolutionGuid = {D2E6B8B8-2399-45C0-94EA-09DA2AF898B0}
	EndGlobalSection
EndGlobal
